// !$*UTF8*$!
{
	archiveVersion = 1;
	classes = {
	};
	objectVersion = 50;
	objects = {

/* Begin PBXBuildFile section */
		F30AC4A921B1D8D20057751C /* AppDelegate.swift in Sources */ = {isa = PBXBuildFile; fileRef = F30AC4A821B1D8D20057751C /* AppDelegate.swift */; };
		F30AC4AB21B1D8D20057751C /* ViewController.swift in Sources */ = {isa = PBXBuildFile; fileRef = F30AC4AA21B1D8D20057751C /* ViewController.swift */; };
		F30AC4AE21B1D8D20057751C /* Main.storyboard in Resources */ = {isa = PBXBuildFile; fileRef = F30AC4AC21B1D8D20057751C /* Main.storyboard */; };
		F30AC4B021B1D8D50057751C /* Assets.xcassets in Resources */ = {isa = PBXBuildFile; fileRef = F30AC4AF21B1D8D50057751C /* Assets.xcassets */; };
		F30AC4B321B1D8D50057751C /* LaunchScreen.storyboard in Resources */ = {isa = PBXBuildFile; fileRef = F30AC4B121B1D8D50057751C /* LaunchScreen.storyboard */; };
		F30AC4BE21B1D8D60057751C /* TicTacToeTests.swift in Sources */ = {isa = PBXBuildFile; fileRef = F30AC4BD21B1D8D60057751C /* TicTacToeTests.swift */; };
		F30AC4C921B1D8D60057751C /* TicTacToeUITests.swift in Sources */ = {isa = PBXBuildFile; fileRef = F30AC4C821B1D8D60057751C /* TicTacToeUITests.swift */; };
		F30AC4D921B1D8EB0057751C /* cross.png in Resources */ = {isa = PBXBuildFile; fileRef = F30AC4D621B1D8EB0057751C /* cross.png */; };
		F30AC4DA21B1D8EB0057751C /* board.png in Resources */ = {isa = PBXBuildFile; fileRef = F30AC4D721B1D8EB0057751C /* board.png */; };
		F30AC4DB21B1D8EB0057751C /* nought.png in Resources */ = {isa = PBXBuildFile; fileRef = F30AC4D821B1D8EB0057751C /* nought.png */; };
/* End PBXBuildFile section */

/* Begin PBXContainerItemProxy section */
		F30AC4BA21B1D8D60057751C /* PBXContainerItemProxy */ = {
			isa = PBXContainerItemProxy;
			containerPortal = F30AC49D21B1D8D20057751C /* Project object */;
			proxyType = 1;
			remoteGlobalIDString = F30AC4A421B1D8D20057751C;
			remoteInfo = TicTacToe;
		};
		F30AC4C521B1D8D60057751C /* PBXContainerItemProxy */ = {
			isa = PBXContainerItemProxy;
			containerPortal = F30AC49D21B1D8D20057751C /* Project object */;
			proxyType = 1;
			remoteGlobalIDString = F30AC4A421B1D8D20057751C;
			remoteInfo = TicTacToe;
		};
/* End PBXContainerItemProxy section */

/* Begin PBXFileReference section */
		F30AC4A521B1D8D20057751C /* TicTacToe.app */ = {isa = PBXFileReference; explicitFileType = wrapper.application; includeInIndex = 0; path = TicTacToe.app; sourceTree = BUILT_PRODUCTS_DIR; };
		F30AC4A821B1D8D20057751C /* AppDelegate.swift */ = {isa = PBXFileReference; lastKnownFileType = sourcecode.swift; path = AppDelegate.swift; sourceTree = "<group>"; };
		F30AC4AA21B1D8D20057751C /* ViewController.swift */ = {isa = PBXFileReference; lastKnownFileType = sourcecode.swift; path = ViewController.swift; sourceTree = "<group>"; };
		F30AC4AD21B1D8D20057751C /* Base */ = {isa = PBXFileReference; lastKnownFileType = file.storyboard; name = Base; path = Base.lproj/Main.storyboard; sourceTree = "<group>"; };
		F30AC4AF21B1D8D50057751C /* Assets.xcassets */ = {isa = PBXFileReference; lastKnownFileType = folder.assetcatalog; path = Assets.xcassets; sourceTree = "<group>"; };
		F30AC4B221B1D8D50057751C /* Base */ = {isa = PBXFileReference; lastKnownFileType = file.storyboard; name = Base; path = Base.lproj/LaunchScreen.storyboard; sourceTree = "<group>"; };
		F30AC4B421B1D8D50057751C /* Info.plist */ = {isa = PBXFileReference; lastKnownFileType = text.plist.xml; path = Info.plist; sourceTree = "<group>"; };
		F30AC4B921B1D8D60057751C /* TicTacToeTests.xctest */ = {isa = PBXFileReference; explicitFileType = wrapper.cfbundle; includeInIndex = 0; path = TicTacToeTests.xctest; sourceTree = BUILT_PRODUCTS_DIR; };
		F30AC4BD21B1D8D60057751C /* TicTacToeTests.swift */ = {isa = PBXFileReference; lastKnownFileType = sourcecode.swift; path = TicTacToeTests.swift; sourceTree = "<group>"; };
		F30AC4BF21B1D8D60057751C /* Info.plist */ = {isa = PBXFileReference; lastKnownFileType = text.plist.xml; path = Info.plist; sourceTree = "<group>"; };
		F30AC4C421B1D8D60057751C /* TicTacToeUITests.xctest */ = {isa = PBXFileReference; explicitFileType = wrapper.cfbundle; includeInIndex = 0; path = TicTacToeUITests.xctest; sourceTree = BUILT_PRODUCTS_DIR; };
		F30AC4C821B1D8D60057751C /* TicTacToeUITests.swift */ = {isa = PBXFileReference; lastKnownFileType = sourcecode.swift; path = TicTacToeUITests.swift; sourceTree = "<group>"; };
		F30AC4CA21B1D8D60057751C /* Info.plist */ = {isa = PBXFileReference; lastKnownFileType = text.plist.xml; path = Info.plist; sourceTree = "<group>"; };
		F30AC4D621B1D8EB0057751C /* cross.png */ = {isa = PBXFileReference; lastKnownFileType = image.png; path = cross.png; sourceTree = "<group>"; };
		F30AC4D721B1D8EB0057751C /* board.png */ = {isa = PBXFileReference; lastKnownFileType = image.png; path = board.png; sourceTree = "<group>"; };
		F30AC4D821B1D8EB0057751C /* nought.png */ = {isa = PBXFileReference; lastKnownFileType = image.png; path = nought.png; sourceTree = "<group>"; };
/* End PBXFileReference section */

/* Begin PBXFrameworksBuildPhase section */
		F30AC4A221B1D8D20057751C /* Frameworks */ = {
			isa = PBXFrameworksBuildPhase;
			buildActionMask = 2147483647;
			files = (
			);
			runOnlyForDeploymentPostprocessing = 0;
		};
		F30AC4B621B1D8D60057751C /* Frameworks */ = {
			isa = PBXFrameworksBuildPhase;
			buildActionMask = 2147483647;
			files = (
			);
			runOnlyForDeploymentPostprocessing = 0;
		};
		F30AC4C121B1D8D60057751C /* Frameworks */ = {
			isa = PBXFrameworksBuildPhase;
			buildActionMask = 2147483647;
			files = (
			);
			runOnlyForDeploymentPostprocessing = 0;
		};
/* End PBXFrameworksBuildPhase section */

/* Begin PBXGroup section */
		F30AC49C21B1D8D20057751C = {
			isa = PBXGroup;
			children = (
				F30AC4A721B1D8D20057751C /* TicTacToe */,
				F30AC4BC21B1D8D60057751C /* TicTacToeTests */,
				F30AC4C721B1D8D60057751C /* TicTacToeUITests */,
				F30AC4A621B1D8D20057751C /* Products */,
			);
			sourceTree = "<group>";
		};
		F30AC4A621B1D8D20057751C /* Products */ = {
			isa = PBXGroup;
			children = (
				F30AC4A521B1D8D20057751C /* TicTacToe.app */,
				F30AC4B921B1D8D60057751C /* TicTacToeTests.xctest */,
				F30AC4C421B1D8D60057751C /* TicTacToeUITests.xctest */,
			);
			name = Products;
			sourceTree = "<group>";
		};
		F30AC4A721B1D8D20057751C /* TicTacToe */ = {
			isa = PBXGroup;
			children = (
				F30AC4A821B1D8D20057751C /* AppDelegate.swift */,
				F30AC4AA21B1D8D20057751C /* ViewController.swift */,
				F30AC4AC21B1D8D20057751C /* Main.storyboard */,
				F30AC4AF21B1D8D50057751C /* Assets.xcassets */,
				F30AC4B121B1D8D50057751C /* LaunchScreen.storyboard */,
				F30AC4B421B1D8D50057751C /* Info.plist */,
				F30AC4D721B1D8EB0057751C /* board.png */,
				F30AC4D621B1D8EB0057751C /* cross.png */,
				F30AC4D821B1D8EB0057751C /* nought.png */,
			);
			path = TicTacToe;
			sourceTree = "<group>";
		};
		F30AC4BC21B1D8D60057751C /* TicTacToeTests */ = {
			isa = PBXGroup;
			children = (
				F30AC4BD21B1D8D60057751C /* TicTacToeTests.swift */,
				F30AC4BF21B1D8D60057751C /* Info.plist */,
			);
			path = TicTacToeTests;
			sourceTree = "<group>";
		};
		F30AC4C721B1D8D60057751C /* TicTacToeUITests */ = {
			isa = PBXGroup;
			children = (
				F30AC4C821B1D8D60057751C /* TicTacToeUITests.swift */,
				F30AC4CA21B1D8D60057751C /* Info.plist */,
			);
			path = TicTacToeUITests;
			sourceTree = "<group>";
		};
/* End PBXGroup section */

/* Begin PBXNativeTarget section */
		F30AC4A421B1D8D20057751C /* TicTacToe */ = {
			isa = PBXNativeTarget;
			buildConfigurationList = F30AC4CD21B1D8D60057751C /* Build configuration list for PBXNativeTarget "TicTacToe" */;
			buildPhases = (
				F30AC4A121B1D8D20057751C /* Sources */,
				F30AC4A221B1D8D20057751C /* Frameworks */,
				F30AC4A321B1D8D20057751C /* Resources */,
			);
			buildRules = (
			);
			dependencies = (
			);
			name = TicTacToe;
			productName = TicTacToe;
			productReference = F30AC4A521B1D8D20057751C /* TicTacToe.app */;
			productType = "com.apple.product-type.application";
		};
		F30AC4B821B1D8D60057751C /* TicTacToeTests */ = {
			isa = PBXNativeTarget;
			buildConfigurationList = F30AC4D021B1D8D60057751C /* Build configuration list for PBXNativeTarget "TicTacToeTests" */;
			buildPhases = (
				F30AC4B521B1D8D60057751C /* Sources */,
				F30AC4B621B1D8D60057751C /* Frameworks */,
				F30AC4B721B1D8D60057751C /* Resources */,
			);
			buildRules = (
			);
			dependencies = (
				F30AC4BB21B1D8D60057751C /* PBXTargetDependency */,
			);
			name = TicTacToeTests;
			productName = TicTacToeTests;
			productReference = F30AC4B921B1D8D60057751C /* TicTacToeTests.xctest */;
			productType = "com.apple.product-type.bundle.unit-test";
		};
		F30AC4C321B1D8D60057751C /* TicTacToeUITests */ = {
			isa = PBXNativeTarget;
			buildConfigurationList = F30AC4D321B1D8D60057751C /* Build configuration list for PBXNativeTarget "TicTacToeUITests" */;
			buildPhases = (
				F30AC4C021B1D8D60057751C /* Sources */,
				F30AC4C121B1D8D60057751C /* Frameworks */,
				F30AC4C221B1D8D60057751C /* Resources */,
			);
			buildRules = (
			);
			dependencies = (
				F30AC4C621B1D8D60057751C /* PBXTargetDependency */,
			);
			name = TicTacToeUITests;
			productName = TicTacToeUITests;
			productReference = F30AC4C421B1D8D60057751C /* TicTacToeUITests.xctest */;
			productType = "com.apple.product-type.bundle.ui-testing";
		};
/* End PBXNativeTarget section */

/* Begin PBXProject section */
		F30AC49D21B1D8D20057751C /* Project object */ = {
			isa = PBXProject;
			attributes = {
				LastSwiftUpdateCheck = 1010;
				LastUpgradeCheck = 1010;
				ORGANIZATIONNAME = sneakysneak;
				TargetAttributes = {
					F30AC4A421B1D8D20057751C = {
						CreatedOnToolsVersion = 10.1;
					};
					F30AC4B821B1D8D60057751C = {
						CreatedOnToolsVersion = 10.1;
						TestTargetID = F30AC4A421B1D8D20057751C;
					};
					F30AC4C321B1D8D60057751C = {
						CreatedOnToolsVersion = 10.1;
						TestTargetID = F30AC4A421B1D8D20057751C;
					};
				};
			};
			buildConfigurationList = F30AC4A021B1D8D20057751C /* Build configuration list for PBXProject "TicTacToe" */;
			compatibilityVersion = "Xcode 9.3";
			developmentRegion = en;
			hasScannedForEncodings = 0;
			knownRegions = (
				en,
				Base,
			);
			mainGroup = F30AC49C21B1D8D20057751C;
			productRefGroup = F30AC4A621B1D8D20057751C /* Products */;
			projectDirPath = "";
			projectRoot = "";
			targets = (
				F30AC4A421B1D8D20057751C /* TicTacToe */,
				F30AC4B821B1D8D60057751C /* TicTacToeTests */,
				F30AC4C321B1D8D60057751C /* TicTacToeUITests */,
			);
		};
/* End PBXProject section */

/* Begin PBXResourcesBuildPhase section */
		F30AC4A321B1D8D20057751C /* Resources */ = {
			isa = PBXResourcesBuildPhase;
			buildActionMask = 2147483647;
			files = (
				F30AC4B321B1D8D50057751C /* LaunchScreen.storyboard in Resources */,
				F30AC4B021B1D8D50057751C /* Assets.xcassets in Resources */,
				F30AC4DB21B1D8EB0057751C /* nought.png in Resources */,
				F30AC4D921B1D8EB0057751C /* cross.png in Resources */,
				F30AC4DA21B1D8EB0057751C /* board.png in Resources */,
				F30AC4AE21B1D8D20057751C /* Main.storyboard in Resources */,
			);
			runOnlyForDeploymentPostprocessing = 0;
		};
		F30AC4B721B1D8D60057751C /* Resources */ = {
			isa = PBXResourcesBuildPhase;
			buildActionMask = 2147483647;
			files = (
			);
			runOnlyForDeploymentPostprocessing = 0;
		};
		F30AC4C221B1D8D60057751C /* Resources */ = {
			isa = PBXResourcesBuildPhase;
			buildActionMask = 2147483647;
			files = (
			);
			runOnlyForDeploymentPostprocessing = 0;
		};
/* End PBXResourcesBuildPhase section */

/* Begin PBXSourcesBuildPhase section */
		F30AC4A121B1D8D20057751C /* Sources */ = {
			isa = PBXSourcesBuildPhase;
			buildActionMask = 2147483647;
			files = (
				F30AC4AB21B1D8D20057751C /* ViewController.swift in Sources */,
				F30AC4A921B1D8D20057751C /* AppDelegate.swift in Sources */,
			);
			runOnlyForDeploymentPostprocessing = 0;
		};
		F30AC4B521B1D8D60057751C /* Sources */ = {
			isa = PBXSourcesBuildPhase;
			buildActionMask = 2147483647;
			files = (
				F30AC4BE21B1D8D60057751C /* TicTacToeTests.swift in Sources */,
			);
			runOnlyForDeploymentPostprocessing = 0;
		};
		F30AC4C021B1D8D60057751C /* Sources */ = {
			isa = PBXSourcesBuildPhase;
			buildActionMask = 2147483647;
			files = (
				F30AC4C921B1D8D60057751C /* TicTacToeUITests.swift in Sources */,
			);
			runOnlyForDeploymentPostprocessing = 0;
		};
/* End PBXSourcesBuildPhase section */

/* Begin PBXTargetDependency section */
		F30AC4BB21B1D8D60057751C /* PBXTargetDependency */ = {
			isa = PBXTargetDependency;
			target = F30AC4A421B1D8D20057751C /* TicTacToe */;
			targetProxy = F30AC4BA21B1D8D60057751C /* PBXContainerItemProxy */;
		};
		F30AC4C621B1D8D60057751C /* PBXTargetDependency */ = {
			isa = PBXTargetDependency;
			target = F30AC4A421B1D8D20057751C /* TicTacToe */;
			targetProxy = F30AC4C521B1D8D60057751C /* PBXContainerItemProxy */;
		};
/* End PBXTargetDependency section */

/* Begin PBXVariantGroup section */
		F30AC4AC21B1D8D20057751C /* Main.storyboard */ = {
			isa = PBXVariantGroup;
			children = (
				F30AC4AD21B1D8D20057751C /* Base */,
			);
			name = Main.storyboard;
			sourceTree = "<group>";
		};
		F30AC4B121B1D8D50057751C /* LaunchScreen.storyboard */ = {
			isa = PBXVariantGroup;
			children = (
				F30AC4B221B1D8D50057751C /* Base */,
			);
			name = LaunchScreen.storyboard;
			sourceTree = "<group>";
		};
/* End PBXVariantGroup section */

/* Begin XCBuildConfiguration section */
		F30AC4CB21B1D8D60057751C /* Debug */ = {
			isa = XCBuildConfiguration;
			buildSettings = {
				ALWAYS_SEARCH_USER_PATHS = NO;
				CLANG_ANALYZER_NONNULL = YES;
				CLANG_ANALYZER_NUMBER_OBJECT_CONVERSION = YES_AGGRESSIVE;
				CLANG_CXX_LANGUAGE_STANDARD = "gnu++14";
				CLANG_CXX_LIBRARY = "libc++";
				CLANG_ENABLE_MODULES = YES;
				CLANG_ENABLE_OBJC_ARC = YES;
				CLANG_ENABLE_OBJC_WEAK = YES;
				CLANG_WARN_BLOCK_CAPTURE_AUTORELEASING = YES;
				CLANG_WARN_BOOL_CONVERSION = YES;
				CLANG_WARN_COMMA = YES;
				CLANG_WARN_CONSTANT_CONVERSION = YES;
				CLANG_WARN_DEPRECATED_OBJC_IMPLEMENTATIONS = YES;
				CLANG_WARN_DIRECT_OBJC_ISA_USAGE = YES_ERROR;
				CLANG_WARN_DOCUMENTATION_COMMENTS = YES;
				CLANG_WARN_EMPTY_BODY = YES;
				CLANG_WARN_ENUM_CONVERSION = YES;
				CLANG_WARN_INFINITE_RECURSION = YES;
				CLANG_WARN_INT_CONVERSION = YES;
				CLANG_WARN_NON_LITERAL_NULL_CONVERSION = YES;
				CLANG_WARN_OBJC_IMPLICIT_RETAIN_SELF = YES;
				CLANG_WARN_OBJC_LITERAL_CONVERSION = YES;
				CLANG_WARN_OBJC_ROOT_CLASS = YES_ERROR;
				CLANG_WARN_RANGE_LOOP_ANALYSIS = YES;
				CLANG_WARN_STRICT_PROTOTYPES = YES;
				CLANG_WARN_SUSPICIOUS_MOVE = YES;
				CLANG_WARN_UNGUARDED_AVAILABILITY = YES_AGGRESSIVE;
				CLANG_WARN_UNREACHABLE_CODE = YES;
				CLANG_WARN__DUPLICATE_METHOD_MATCH = YES;
				CODE_SIGN_IDENTITY = "iPhone Developer";
				COPY_PHASE_STRIP = NO;
				DEBUG_INFORMATION_FORMAT = dwarf;
				ENABLE_STRICT_OBJC_MSGSEND = YES;
				ENABLE_TESTABILITY = YES;
				GCC_C_LANGUAGE_STANDARD = gnu11;
				GCC_DYNAMIC_NO_PIC = NO;
				GCC_NO_COMMON_BLOCKS = YES;
				GCC_OPTIMIZATION_LEVEL = 0;
				GCC_PREPROCESSOR_DEFINITIONS = (
					"DEBUG=1",
					"$(inherited)",
				);
				GCC_WARN_64_TO_32_BIT_CONVERSION = YES;
				GCC_WARN_ABOUT_RETURN_TYPE = YES_ERROR;
				GCC_WARN_UNDECLARED_SELECTOR = YES;
				GCC_WARN_UNINITIALIZED_AUTOS = YES_AGGRESSIVE;
				GCC_WARN_UNUSED_FUNCTION = YES;
				GCC_WARN_UNUSED_VARIABLE = YES;
				IPHONEOS_DEPLOYMENT_TARGET = 12.1;
				MTL_ENABLE_DEBUG_INFO = INCLUDE_SOURCE;
				MTL_FAST_MATH = YES;
				ONLY_ACTIVE_ARCH = YES;
				SDKROOT = iphoneos;
				SWIFT_ACTIVE_COMPILATION_CONDITIONS = DEBUG;
				SWIFT_OPTIMIZATION_LEVEL = "-Onone";
			};
			name = Debug;
		};
		F30AC4CC21B1D8D60057751C /* Release */ = {
			isa = XCBuildConfiguration;
			buildSettings = {
				ALWAYS_SEARCH_USER_PATHS = NO;
				CLANG_ANALYZER_NONNULL = YES;
				CLANG_ANALYZER_NUMBER_OBJECT_CONVERSION = YES_AGGRESSIVE;
				CLANG_CXX_LANGUAGE_STANDARD = "gnu++14";
				CLANG_CXX_LIBRARY = "libc++";
				CLANG_ENABLE_MODULES = YES;
				CLANG_ENABLE_OBJC_ARC = YES;
				CLANG_ENABLE_OBJC_WEAK = YES;
				CLANG_WARN_BLOCK_CAPTURE_AUTORELEASING = YES;
				CLANG_WARN_BOOL_CONVERSION = YES;
				CLANG_WARN_COMMA = YES;
				CLANG_WARN_CONSTANT_CONVERSION = YES;
				CLANG_WARN_DEPRECATED_OBJC_IMPLEMENTATIONS = YES;
				CLANG_WARN_DIRECT_OBJC_ISA_USAGE = YES_ERROR;
				CLANG_WARN_DOCUMENTATION_COMMENTS = YES;
				CLANG_WARN_EMPTY_BODY = YES;
				CLANG_WARN_ENUM_CONVERSION = YES;
				CLANG_WARN_INFINITE_RECURSION = YES;
				CLANG_WARN_INT_CONVERSION = YES;
				CLANG_WARN_NON_LITERAL_NULL_CONVERSION = YES;
				CLANG_WARN_OBJC_IMPLICIT_RETAIN_SELF = YES;
				CLANG_WARN_OBJC_LITERAL_CONVERSION = YES;
				CLANG_WARN_OBJC_ROOT_CLASS = YES_ERROR;
				CLANG_WARN_RANGE_LOOP_ANALYSIS = YES;
				CLANG_WARN_STRICT_PROTOTYPES = YES;
				CLANG_WARN_SUSPICIOUS_MOVE = YES;
				CLANG_WARN_UNGUARDED_AVAILABILITY = YES_AGGRESSIVE;
				CLANG_WARN_UNREACHABLE_CODE = YES;
				CLANG_WARN__DUPLICATE_METHOD_MATCH = YES;
				CODE_SIGN_IDENTITY = "iPhone Developer";
				COPY_PHASE_STRIP = NO;
				DEBUG_INFORMATION_FORMAT = "dwarf-with-dsym";
				ENABLE_NS_ASSERTIONS = NO;
				ENABLE_STRICT_OBJC_MSGSEND = YES;
				GCC_C_LANGUAGE_STANDARD = gnu11;
				GCC_NO_COMMON_BLOCKS = YES;
				GCC_WARN_64_TO_32_BIT_CONVERSION = YES;
				GCC_WARN_ABOUT_RETURN_TYPE = YES_ERROR;
				GCC_WARN_UNDECLARED_SELECTOR = YES;
				GCC_WARN_UNINITIALIZED_AUTOS = YES_AGGRESSIVE;
				GCC_WARN_UNUSED_FUNCTION = YES;
				GCC_WARN_UNUSED_VARIABLE = YES;
				IPHONEOS_DEPLOYMENT_TARGET = 12.1;
				MTL_ENABLE_DEBUG_INFO = NO;
				MTL_FAST_MATH = YES;
				SDKROOT = iphoneos;
				SWIFT_COMPILATION_MODE = wholemodule;
				SWIFT_OPTIMIZATION_LEVEL = "-O";
				VALIDATE_PRODUCT = YES;
			};
			name = Release;
		};
		F30AC4CE21B1D8D60057751C /* Debug */ = {
			isa = XCBuildConfiguration;
			buildSettings = {
				ASSETCATALOG_COMPILER_APPICON_NAME = AppIcon;
				CODE_SIGN_STYLE = Automatic;
				DEVELOPMENT_TEAM = RL6G7B44H6;
				INFOPLIST_FILE = TicTacToe/Info.plist;
				LD_RUNPATH_SEARCH_PATHS = (
					"$(inherited)",
					"@executable_path/Frameworks",
				);
				PRODUCT_BUNDLE_IDENTIFIER = sneakysneak.TicTacToe;
				PRODUCT_NAME = "$(TARGET_NAME)";
				SWIFT_VERSION = 4.2;
				TARGETED_DEVICE_FAMILY = "1,2";
			};
			name = Debug;
		};
		F30AC4CF21B1D8D60057751C /* Release */ = {
			isa = XCBuildConfiguration;
			buildSettings = {
				ASSETCATALOG_COMPILER_APPICON_NAME = AppIcon;
				CODE_SIGN_STYLE = Automatic;
				DEVELOPMENT_TEAM = RL6G7B44H6;
				INFOPLIST_FILE = TicTacToe/Info.plist;
				LD_RUNPATH_SEARCH_PATHS = (
					"$(inherited)",
					"@executable_path/Frameworks",
				);
				PRODUCT_BUNDLE_IDENTIFIER = sneakysneak.TicTacToe;
				PRODUCT_NAME = "$(TARGET_NAME)";
				SWIFT_VERSION = 4.2;
				TARGETED_DEVICE_FAMILY = "1,2";
			};
			name = Release;
		};
		F30AC4D121B1D8D60057751C /* Debug */ = {
			isa = XCBuildConfiguration;
			buildSettings = {
				ALWAYS_EMBED_SWIFT_STANDARD_LIBRARIES = YES;
				BUNDLE_LOADER = "$(TEST_HOST)";
				CODE_SIGN_STYLE = Automatic;
				DEVELOPMENT_TEAM = RL6G7B44H6;
				INFOPLIST_FILE = TicTacToeTests/Info.plist;
				LD_RUNPATH_SEARCH_PATHS = (
					"$(inherited)",
					"@executable_path/Frameworks",
					"@loader_path/Frameworks",
				);
				PRODUCT_BUNDLE_IDENTIFIER = sneakysneak.TicTacToeTests;
				PRODUCT_NAME = "$(TARGET_NAME)";
				SWIFT_VERSION = 4.2;
				TARGETED_DEVICE_FAMILY = "1,2";
				TEST_HOST = "$(BUILT_PRODUCTS_DIR)/TicTacToe.app/TicTacToe";
			};
			name = Debug;
		};
		F30AC4D221B1D8D60057751C /* Release */ = {
			isa = XCBuildConfiguration;
			buildSettings = {
				ALWAYS_EMBED_SWIFT_STANDARD_LIBRARIES = YES;
				BUNDLE_LOADER = "$(TEST_HOST)";
				CODE_SIGN_STYLE = Automatic;
				DEVELOPMENT_TEAM = RL6G7B44H6;
				INFOPLIST_FILE = TicTacToeTests/Info.plist;
				LD_RUNPATH_SEARCH_PATHS = (
					"$(inherited)",
					"@executable_path/Frameworks",
					"@loader_path/Frameworks",
				);
				PRODUCT_BUNDLE_IDENTIFIER = sneakysneak.TicTacToeTests;
				PRODUCT_NAME = "$(TARGET_NAME)";
				SWIFT_VERSION = 4.2;
				TARGETED_DEVICE_FAMILY = "1,2";
				TEST_HOST = "$(BUILT_PRODUCTS_DIR)/TicTacToe.app/TicTacToe";
			};
			name = Release;
		};
		F30AC4D421B1D8D60057751C /* Debug */ = {
			isa = XCBuildConfiguration;
			buildSettings = {
				ALWAYS_EMBED_SWIFT_STANDARD_LIBRARIES = YES;
				CODE_SIGN_STYLE = Automatic;
				DEVELOPMENT_TEAM = RL6G7B44H6;
				INFOPLIST_FILE = TicTacToeUITests/Info.plist;
				LD_RUNPATH_SEARCH_PATHS = (
					"$(inherited)",
					"@executable_path/Frameworks",
					"@loader_path/Frameworks",
				);
				PRODUCT_BUNDLE_IDENTIFIER = sneakysneak.TicTacToeUITests;
				PRODUCT_NAME = "$(TARGET_NAME)";
				SWIFT_VERSION = 4.2;
				TARGETED_DEVICE_FAMILY = "1,2";
				TEST_TARGET_NAME = TicTacToe;
			};
			name = Debug;
		};
		F30AC4D521B1D8D60057751C /* Release */ = {
			isa = XCBuildConfiguration;
			buildSettings = {
				ALWAYS_EMBED_SWIFT_STANDARD_LIBRARIES = YES;
				CODE_SIGN_STYLE = Automatic;
				DEVELOPMENT_TEAM = RL6G7B44H6;
				INFOPLIST_FILE = TicTacToeUITests/Info.plist;
				LD_RUNPATH_SEARCH_PATHS = (
					"$(inherited)",
					"@executable_path/Frameworks",
					"@loader_path/Frameworks",
				);
				PRODUCT_BUNDLE_IDENTIFIER = sneakysneak.TicTacToeUITests;
				PRODUCT_NAME = "$(TARGET_NAME)";
				SWIFT_VERSION = 4.2;
				TARGETED_DEVICE_FAMILY = "1,2";
				TEST_TARGET_NAME = TicTacToe;
			};
			name = Release;
		};
/* End XCBuildConfiguration section */

/* Begin XCConfigurationList section */
		F30AC4A021B1D8D20057751C /* Build configuration list for PBXProject "TicTacToe" */ = {
			isa = XCConfigurationList;
			buildConfigurations = (
				F30AC4CB21B1D8D60057751C /* Debug */,
				F30AC4CC21B1D8D60057751C /* Release */,
			);
			defaultConfigurationIsVisible = 0;
			defaultConfigurationName = Release;
		};
		F30AC4CD21B1D8D60057751C /* Build configuration list for PBXNativeTarget "TicTacToe" */ = {
			isa = XCConfigurationList;
			buildConfigurations = (
				F30AC4CE21B1D8D60057751C /* Debug */,
				F30AC4CF21B1D8D60057751C /* Release */,
			);
			defaultConfigurationIsVisible = 0;
			defaultConfigurationName = Release;
		};
		F30AC4D021B1D8D60057751C /* Build configuration list for PBXNativeTarget "TicTacToeTests" */ = {
			isa = XCConfigurationList;
			buildConfigurations = (
				F30AC4D121B1D8D60057751C /* Debug */,
				F30AC4D221B1D8D60057751C /* Release */,
			);
			defaultConfigurationIsVisible = 0;
			defaultConfigurationName = Release;
		};
		F30AC4D321B1D8D60057751C /* Build configuration list for PBXNativeTarget "TicTacToeUITests" */ = {
			isa = XCConfigurationList;
			buildConfigurations = (
				F30AC4D421B1D8D60057751C /* Debug */,
				F30AC4D521B1D8D60057751C /* Release */,
			);
			defaultConfigurationIsVisible = 0;
			defaultConfigurationName = Release;
		};
/* End XCConfigurationList section */
	};
	rootObject = F30AC49D21B1D8D20057751C /* Project object */;
}
